#MicroXplorer Configuration settings - do not modify
CAD.formats=
CAD.pinconfig=
CAD.provider=
File.Version=6
KeepUserPlacement=false
Mcu.CPN=STM32F411RET6
Mcu.Family=STM32F4
Mcu.IP0=NVIC
Mcu.IP1=RCC
Mcu.IP2=SYS
Mcu.IP3=TIM11
Mcu.IP4=USART2
Mcu.IPNb=5
Mcu.Name=STM32F411R(C-E)Tx
Mcu.Package=LQFP64
Mcu.Pin0=PC13-ANTI_TAMP
Mcu.Pin1=PC14-OSC32_IN
Mcu.Pin10=PB3
Mcu.Pin11=VP_SYS_VS_Systick
Mcu.Pin12=VP_TIM11_VS_ClockSourceINT
Mcu.Pin13=VP_STMicroelectronics.X-CUBE-AI_VS_ArtificialOoIntelligenceJjXAaCUBEAaAI_10.2.0
Mcu.Pin2=PC15-OSC32_OUT
Mcu.Pin3=PH0 - OSC_IN
Mcu.Pin4=PH1 - OSC_OUT
Mcu.Pin5=PA2
Mcu.Pin6=PA3
Mcu.Pin7=PA5
Mcu.Pin8=PA13
Mcu.Pin9=PA14
Mcu.PinsNb=14
Mcu.ThirdParty0=STMicroelectronics.X-CUBE-AI.10.2.0
Mcu.ThirdPartyNb=1
Mcu.UserConstants=
Mcu.UserName=STM32F411RETx
MxCube.Version=6.16.0
MxDb.Version=DB.6.0.160
NVIC.BusFault_IRQn=true\:0\:0\:false\:false\:true\:true\:false\:false
NVIC.DebugMonitor_IRQn=true\:0\:0\:false\:false\:true\:true\:false\:false
NVIC.ForceEnableDMAVector=true
NVIC.HardFault_IRQn=true\:0\:0\:false\:false\:true\:true\:false\:false
NVIC.MemoryManagement_IRQn=true\:0\:0\:false\:false\:true\:true\:false\:false
NVIC.NonMaskableInt_IRQn=true\:0\:0\:false\:false\:true\:true\:false\:false
NVIC.PendSV_IRQn=true\:0\:0\:false\:false\:true\:false\:false\:false
NVIC.PriorityGroup=NVIC_PRIORITYGROUP_0
NVIC.SVCall_IRQn=true\:0\:0\:false\:false\:true\:false\:false\:false
NVIC.SysTick_IRQn=true\:0\:0\:true\:false\:true\:true\:true\:false
NVIC.UsageFault_IRQn=true\:0\:0\:false\:false\:true\:true\:false\:false
PA13.GPIOParameters=GPIO_Label
PA13.GPIO_Label=TMS
PA13.Locked=true
PA13.Mode=Serial_Wire
PA13.Signal=SYS_JTMS-SWDIO
PA14.GPIOParameters=GPIO_Label
PA14.GPIO_Label=TCK
PA14.Locked=true
PA14.Mode=Serial_Wire
PA14.Signal=SYS_JTCK-SWCLK
PA2.GPIOParameters=GPIO_Label
PA2.GPIO_Label=USART_TX
PA2.Locked=true
PA2.Mode=Asynchronous
PA2.Signal=USART2_TX
PA3.GPIOParameters=GPIO_Label
PA3.GPIO_Label=USART_RX
PA3.Locked=true
PA3.Mode=Asynchronous
PA3.Signal=USART2_RX
PA5.GPIOParameters=GPIO_Label
PA5.GPIO_Label=LD2 [Green Led]
PA5.Locked=true
PA5.Signal=GPIO_Output
PB3.GPIOParameters=GPIO_Label
PB3.GPIO_Label=SWO
PB3.Locked=true
PB3.Signal=SYS_JTDO-SWO
PC13-ANTI_TAMP.GPIOParameters=GPIO_Label,GPIO_ModeDefaultEXTI
PC13-ANTI_TAMP.GPIO_Label=B1 [Blue PushButton]
PC13-ANTI_TAMP.GPIO_ModeDefaultEXTI=GPIO_MODE_IT_FALLING
PC13-ANTI_TAMP.Locked=true
PC13-ANTI_TAMP.Signal=GPXTI13
PC14-OSC32_IN.Locked=true
PC14-OSC32_IN.Mode=LSE-External-Oscillator
PC14-OSC32_IN.Signal=RCC_OSC32_IN
PC15-OSC32_OUT.Locked=true
PC15-OSC32_OUT.Mode=LSE-External-Oscillator
PC15-OSC32_OUT.Signal=RCC_OSC32_OUT
PCC.Checker=false
PCC.Line=STM32F411
PCC.MCU=STM32F411R(C-E)Tx
PCC.PartNumber=STM32F411RETx
PCC.Series=STM32F4
PCC.Temperature=25
PCC.Vdd=1.7
PH0\ -\ OSC_IN.Locked=true
PH0\ -\ OSC_IN.Mode=HSE-External-Clock-Source
PH0\ -\ OSC_IN.Signal=RCC_OSC_IN
PH1\ -\ OSC_OUT.Locked=true
PH1\ -\ OSC_OUT.Mode=HSE-External-Clock-Source
PH1\ -\ OSC_OUT.Signal=RCC_OSC_OUT
PinOutPanel.RotationAngle=0
ProjectManager.AskForMigrate=true
ProjectManager.BackupPrevious=false
ProjectManager.CompilerLinker=GCC
ProjectManager.CompilerOptimize=6
ProjectManager.ComputerToolchain=false
ProjectManager.CoupleFile=true
ProjectManager.CustomerFirmwarePackage=
ProjectManager.DefaultFWLocation=true
ProjectManager.DeletePrevious=true
ProjectManager.DeviceId=STM32F411RETx
ProjectManager.FirmwarePackage=STM32Cube FW_F4 V1.28.3
ProjectManager.FreePins=false
ProjectManager.FreePinsContext=
ProjectManager.HalAssertFull=false
ProjectManager.HeapSize=0x800
ProjectManager.KeepUserCode=true
ProjectManager.LastFirmware=true
ProjectManager.LibraryCopy=1
ProjectManager.MainLocation=Core/Src
ProjectManager.NoMain=false
ProjectManager.PreviousToolchain=STM32CubeIDE
ProjectManager.ProjectBuild=false
ProjectManager.ProjectFileName=199_ai.ioc
ProjectManager.ProjectName=199_ai
ProjectManager.ProjectStructure=
ProjectManager.RegisterCallBack=
ProjectManager.StackSize=0x800
ProjectManager.TargetToolchain=STM32CubeIDE
ProjectManager.ToolChainLocation=
ProjectManager.UAScriptAfterPath=
ProjectManager.UAScriptBeforePath=
ProjectManager.UnderRoot=true
ProjectManager.functionlistsort=1-SystemClock_Config-RCC-false-HAL-false,2-MX_GPIO_Init-GPIO-false-HAL-true,3-MX_USART2_UART_Init-USART2-true-HAL-false
RCC.48MHZClocksFreq_Value=28571428.57142857
RCC.AHBFreq_Value=100000000
RCC.APB1CLKDivider=RCC_HCLK_DIV2
RCC.APB1Freq_Value=50000000
RCC.APB1TimFreq_Value=100000000
RCC.APB2Freq_Value=100000000
RCC.APB2TimFreq_Value=100000000
RCC.CortexFreq_Value=100000000
RCC.EthernetFreq_Value=100000000
RCC.FCLKCortexFreq_Value=100000000
RCC.FLatency-AdvancedSettings=FLASH_LATENCY_3
RCC.FamilyName=M
RCC.HCLKFreq_Value=100000000
RCC.HSE_VALUE=8000000
RCC.HSI_VALUE=16000000
RCC.I2SClocksFreq_Value=96000000
RCC.IPParameters=48MHZClocksFreq_Value,AHBFreq_Value,APB1CLKDivider,APB1Freq_Value,APB1TimFreq_Value,APB2Freq_Value,APB2TimFreq_Value,CortexFreq_Value,EthernetFreq_Value,FCLKCortexFreq_Value,FLatency-AdvancedSettings,FamilyName,HCLKFreq_Value,HSE_VALUE,HSI_VALUE,I2SClocksFreq_Value,LSI_VALUE,MCO2PinFreq_Value,PLLCLKFreq_Value,PLLM,PLLMUL,PLLN,PLLQ,PLLQCLKFreq_Value,RCC_PLLsource_Clock_Source_FROM_HSE,RTCFreq_Value,RTCHSEDivFreq_Value,SYSCLKFreq_VALUE,SYSCLKSource,SYSCLKSourceVirtual,VCOI2SOutputFreq_Value,VCOInputFreq_Value,VCOInputMFreq_Value,VCOOutputFreq_Value,VcooutputI2S
RCC.LSI_VALUE=32000
RCC.MCO2PinFreq_Value=100000000
RCC.PLLCLKFreq_Value=100000000
RCC.PLLM=8
RCC.PLLMUL=RCC_PLL_MUL9
RCC.PLLN=100
RCC.PLLQ=7
RCC.PLLQCLKFreq_Value=28571428.57142857
RCC.RCC_PLLsource_Clock_Source_FROM_HSE=RCC_HSE_PREDIV_DIV2
RCC.RTCFreq_Value=32000
RCC.RTCHSEDivFreq_Value=4000000
RCC.SYSCLKFreq_VALUE=100000000
RCC.SYSCLKSource=RCC_SYSCLKSOURCE_PLLCLK
RCC.SYSCLKSourceVirtual=RCC_SYSCLKSOURCE_PLLCLK
RCC.VCOI2SOutputFreq_Value=192000000
RCC.VCOInputFreq_Value=2000000
RCC.VCOInputMFreq_Value=1000000
RCC.VCOOutputFreq_Value=200000000
RCC.VcooutputI2S=96000000
SH.GPXTI13.0=GPIO_EXTI13
SH.GPXTI13.ConfNb=1
STMicroelectronics.X-CUBE-AI.10.2.0.ActivationBufferSizeList=828,828,828,828,828,828,828,828,1828,9512
STMicroelectronics.X-CUBE-AI.10.2.0.ActivationBuffers=pool0;pool0;pool0;pool0;pool0;pool0;pool0;pool0;pool0;pool0
STMicroelectronics.X-CUBE-AI.10.2.0.ActivationNames=pool0
STMicroelectronics.X-CUBE-AI.10.2.0.ActivationSizes=AI_CLF_SVC_DATA_ACTIVATION_1_SIZE
STMicroelectronics.X-CUBE-AI.10.2.0.ArtificialOoIntelligenceJjXAaCUBEAaAI_Checked=true
STMicroelectronics.X-CUBE-AI.10.2.0.DeviceJjApplication_Checked=false
STMicroelectronics.X-CUBE-AI.10.2.0.HeapSize=0x800
STMicroelectronics.X-CUBE-AI.10.2.0.IPParameters=HeapSize,StackSize,ReadyForCodeGeneration,ModelName-7d43070af29f996a0a2170734140e68769b23ad1afede97f22b931777e6c3852,ModelKind-7d43070af29f996a0a2170734140e68769b23ad1afede97f22b931777e6c3852,ModelCompression-7d43070af29f996a0a2170734140e68769b23ad1afede97f22b931777e6c3852,ModelHashList,ModelNameList,WorkingBufferStartAddrList,LatestDirectoryUsed-7d43070af29f996a0a2170734140e68769b23ad1afede97f22b931777e6c3852,ModelStructureFile-7d43070af29f996a0a2170734140e68769b23ad1afede97f22b931777e6c3852,ModelMacc-7d43070af29f996a0a2170734140e68769b23ad1afede97f22b931777e6c3852,ModelActualCompression-7d43070af29f996a0a2170734140e68769b23ad1afede97f22b931777e6c3852,ModelRamOccupation-7d43070af29f996a0a2170734140e68769b23ad1afede97f22b931777e6c3852,ModelFlashOccupation-7d43070af29f996a0a2170734140e68769b23ad1afede97f22b931777e6c3852,ModelName-dea79e7e62a325472eb47c30a879b901656b1d966f9a78109aa8b224cbf98a9d,ModelKind-dea79e7e62a325472eb47c30a879b901656b1d966f9a78109aa8b224cbf98a9d,ModelCompression-dea79e7e62a325472eb47c30a879b901656b1d966f9a78109aa8b224cbf98a9d,LatestDirectoryUsed-dea79e7e62a325472eb47c30a879b901656b1d966f9a78109aa8b224cbf98a9d,ModelStructureFile-dea79e7e62a325472eb47c30a879b901656b1d966f9a78109aa8b224cbf98a9d,ModelMacc-dea79e7e62a325472eb47c30a879b901656b1d966f9a78109aa8b224cbf98a9d,ModelActualCompression-dea79e7e62a325472eb47c30a879b901656b1d966f9a78109aa8b224cbf98a9d,ModelRamOccupation-dea79e7e62a325472eb47c30a879b901656b1d966f9a78109aa8b224cbf98a9d,ModelFlashOccupation-dea79e7e62a325472eb47c30a879b901656b1d966f9a78109aa8b224cbf98a9d,ModelName-7671ea12f1d04baeb240033d8f5cd9409b01ff86af3cf0a621d321669e09001b,ModelKind-7671ea12f1d04baeb240033d8f5cd9409b01ff86af3cf0a621d321669e09001b,ModelCompression-7671ea12f1d04baeb240033d8f5cd9409b01ff86af3cf0a621d321669e09001b,LatestDirectoryUsed-7671ea12f1d04baeb240033d8f5cd9409b01ff86af3cf0a621d321669e09001b,ModelStructureFile-7671ea12f1d04baeb240033d8f5cd9409b01ff86af3cf0a621d321669e09001b,ModelName-ab577c9bdfed1ba00724bdd21e1b13f1ba22613db02f03b8adc4d8ee03ad864e,ModelKind-ab577c9bdfed1ba00724bdd21e1b13f1ba22613db02f03b8adc4d8ee03ad864e,ModelCompression-ab577c9bdfed1ba00724bdd21e1b13f1ba22613db02f03b8adc4d8ee03ad864e,LatestDirectoryUsed-ab577c9bdfed1ba00724bdd21e1b13f1ba22613db02f03b8adc4d8ee03ad864e,ModelStructureFile-ab577c9bdfed1ba00724bdd21e1b13f1ba22613db02f03b8adc4d8ee03ad864e,ModelName-df82797f878501d5734eb837a36a36d91eae67c62164e25bef60e4b155da9e3b,ModelKind-df82797f878501d5734eb837a36a36d91eae67c62164e25bef60e4b155da9e3b,ModelCompression-df82797f878501d5734eb837a36a36d91eae67c62164e25bef60e4b155da9e3b,LatestDirectoryUsed-df82797f878501d5734eb837a36a36d91eae67c62164e25bef60e4b155da9e3b,ModelStructureFile-df82797f878501d5734eb837a36a36d91eae67c62164e25bef60e4b155da9e3b,ModelName-3b9432cef57333e2fce42645de9fa6accc22cd3370c43e91af8a09cc2e12b6d0,ModelKind-3b9432cef57333e2fce42645de9fa6accc22cd3370c43e91af8a09cc2e12b6d0,ModelCompression-3b9432cef57333e2fce42645de9fa6accc22cd3370c43e91af8a09cc2e12b6d0,LatestDirectoryUsed-3b9432cef57333e2fce42645de9fa6accc22cd3370c43e91af8a09cc2e12b6d0,ModelStructureFile-3b9432cef57333e2fce42645de9fa6accc22cd3370c43e91af8a09cc2e12b6d0,ModelName-f4f45892b08308412d9f5e841690e3b6e5c3a98e51e2c46ba08ce80a98d34c7c,ModelKind-f4f45892b08308412d9f5e841690e3b6e5c3a98e51e2c46ba08ce80a98d34c7c,ModelCompression-f4f45892b08308412d9f5e841690e3b6e5c3a98e51e2c46ba08ce80a98d34c7c,LatestDirectoryUsed-f4f45892b08308412d9f5e841690e3b6e5c3a98e51e2c46ba08ce80a98d34c7c,ModelStructureFile-f4f45892b08308412d9f5e841690e3b6e5c3a98e51e2c46ba08ce80a98d34c7c,ModelName-9e236fa1b805f769fb9c70331a6bc76a15f23170d1950d0cced9c493874ee895,ModelKind-9e236fa1b805f769fb9c70331a6bc76a15f23170d1950d0cced9c493874ee895,ModelCompression-9e236fa1b805f769fb9c70331a6bc76a15f23170d1950d0cced9c493874ee895,LatestDirectoryUsed-9e236fa1b805f769fb9c70331a6bc76a15f23170d1950d0cced9c493874ee895,ModelStructureFile-9e236fa1b805f769fb9c70331a6bc76a15f23170d1950d0cced9c493874ee895,ModelName-6ca1935a49a4da6e01bf238fb27ecaf26e8ca2d9e389be3823a9b33aaacc7297,ModelKind-6ca1935a49a4da6e01bf238fb27ecaf26e8ca2d9e389be3823a9b33aaacc7297,ModelCompression-6ca1935a49a4da6e01bf238fb27ecaf26e8ca2d9e389be3823a9b33aaacc7297,LatestDirectoryUsed-6ca1935a49a4da6e01bf238fb27ecaf26e8ca2d9e389be3823a9b33aaacc7297,ModelStructureFile-6ca1935a49a4da6e01bf238fb27ecaf26e8ca2d9e389be3823a9b33aaacc7297,ModelName-305259f2fd37ff8008e00a22df27e67728cca710dc6ef4e3d571cc33ada98516,ModelKind-305259f2fd37ff8008e00a22df27e67728cca710dc6ef4e3d571cc33ada98516,ModelCompression-305259f2fd37ff8008e00a22df27e67728cca710dc6ef4e3d571cc33ada98516,LatestDirectoryUsed-305259f2fd37ff8008e00a22df27e67728cca710dc6ef4e3d571cc33ada98516,ModelStructureFile-305259f2fd37ff8008e00a22df27e67728cca710dc6ef4e3d571cc33ada98516,ModelType-7d43070af29f996a0a2170734140e68769b23ad1afede97f22b931777e6c3852,copyWeightToRam,outputDirectory,useInputAllocation,useOutputAllocation,customLayerConfigEnabled,noOnnxIoTranspose,ModelType-dea79e7e62a325472eb47c30a879b901656b1d966f9a78109aa8b224cbf98a9d,ModelActualCompression-7671ea12f1d04baeb240033d8f5cd9409b01ff86af3cf0a621d321669e09001b,ModelFlashOccupation-7671ea12f1d04baeb240033d8f5cd9409b01ff86af3cf0a621d321669e09001b,ModelMacc-7671ea12f1d04baeb240033d8f5cd9409b01ff86af3cf0a621d321669e09001b,ModelRamOccupation-7671ea12f1d04baeb240033d8f5cd9409b01ff86af3cf0a621d321669e09001b,ModelType-7671ea12f1d04baeb240033d8f5cd9409b01ff86af3cf0a621d321669e09001b,ModelActualCompression-ab577c9bdfed1ba00724bdd21e1b13f1ba22613db02f03b8adc4d8ee03ad864e,ModelFlashOccupation-ab577c9bdfed1ba00724bdd21e1b13f1ba22613db02f03b8adc4d8ee03ad864e,ModelMacc-ab577c9bdfed1ba00724bdd21e1b13f1ba22613db02f03b8adc4d8ee03ad864e,ModelRamOccupation-ab577c9bdfed1ba00724bdd21e1b13f1ba22613db02f03b8adc4d8ee03ad864e,ModelType-ab577c9bdfed1ba00724bdd21e1b13f1ba22613db02f03b8adc4d8ee03ad864e,ModelActualCompression-df82797f878501d5734eb837a36a36d91eae67c62164e25bef60e4b155da9e3b,ModelFlashOccupation-df82797f878501d5734eb837a36a36d91eae67c62164e25bef60e4b155da9e3b,ModelMacc-df82797f878501d5734eb837a36a36d91eae67c62164e25bef60e4b155da9e3b,ModelRamOccupation-df82797f878501d5734eb837a36a36d91eae67c62164e25bef60e4b155da9e3b,ModelType-df82797f878501d5734eb837a36a36d91eae67c62164e25bef60e4b155da9e3b,ModelActualCompression-3b9432cef57333e2fce42645de9fa6accc22cd3370c43e91af8a09cc2e12b6d0,ModelFlashOccupation-3b9432cef57333e2fce42645de9fa6accc22cd3370c43e91af8a09cc2e12b6d0,ModelMacc-3b9432cef57333e2fce42645de9fa6accc22cd3370c43e91af8a09cc2e12b6d0,ModelRamOccupation-3b9432cef57333e2fce42645de9fa6accc22cd3370c43e91af8a09cc2e12b6d0,ModelType-3b9432cef57333e2fce42645de9fa6accc22cd3370c43e91af8a09cc2e12b6d0,ModelActualCompression-f4f45892b08308412d9f5e841690e3b6e5c3a98e51e2c46ba08ce80a98d34c7c,ModelFlashOccupation-f4f45892b08308412d9f5e841690e3b6e5c3a98e51e2c46ba08ce80a98d34c7c,ModelMacc-f4f45892b08308412d9f5e841690e3b6e5c3a98e51e2c46ba08ce80a98d34c7c,ModelRamOccupation-f4f45892b08308412d9f5e841690e3b6e5c3a98e51e2c46ba08ce80a98d34c7c,ModelType-f4f45892b08308412d9f5e841690e3b6e5c3a98e51e2c46ba08ce80a98d34c7c,ModelActualCompression-9e236fa1b805f769fb9c70331a6bc76a15f23170d1950d0cced9c493874ee895,ModelFlashOccupation-9e236fa1b805f769fb9c70331a6bc76a15f23170d1950d0cced9c493874ee895,ModelMacc-9e236fa1b805f769fb9c70331a6bc76a15f23170d1950d0cced9c493874ee895,ModelRamOccupation-9e236fa1b805f769fb9c70331a6bc76a15f23170d1950d0cced9c493874ee895,ModelType-9e236fa1b805f769fb9c70331a6bc76a15f23170d1950d0cced9c493874ee895,ModelActualCompression-6ca1935a49a4da6e01bf238fb27ecaf26e8ca2d9e389be3823a9b33aaacc7297,ModelFlashOccupation-6ca1935a49a4da6e01bf238fb27ecaf26e8ca2d9e389be3823a9b33aaacc7297,ModelMacc-6ca1935a49a4da6e01bf238fb27ecaf26e8ca2d9e389be3823a9b33aaacc7297,ModelRamOccupation-6ca1935a49a4da6e01bf238fb27ecaf26e8ca2d9e389be3823a9b33aaacc7297,ModelType-6ca1935a49a4da6e01bf238fb27ecaf26e8ca2d9e389be3823a9b33aaacc7297,ModelActualCompression-305259f2fd37ff8008e00a22df27e67728cca710dc6ef4e3d571cc33ada98516,ModelFlashOccupation-305259f2fd37ff8008e00a22df27e67728cca710dc6ef4e3d571cc33ada98516,ModelMacc-305259f2fd37ff8008e00a22df27e67728cca710dc6ef4e3d571cc33ada98516,ModelRamOccupation-305259f2fd37ff8008e00a22df27e67728cca710dc6ef4e3d571cc33ada98516,ModelType-305259f2fd37ff8008e00a22df27e67728cca710dc6ef4e3d571cc33ada98516,ActivationBuffers,ActivationSizes,ActivationNames,InternalRamActivationBufferMaxSize,ActivationBufferSizeList,MaximumNumberOfInputLayer,MaximumNumberOfOutputLayer,MaximumSizeOfInputLayer,MaximumSizeOfOutputLayer,copyWeightToRam-7d43070af29f996a0a2170734140e68769b23ad1afede97f22b931777e6c3852,useInputAllocation-7d43070af29f996a0a2170734140e68769b23ad1afede97f22b931777e6c3852,useOutputAllocation-7d43070af29f996a0a2170734140e68769b23ad1afede97f22b931777e6c3852,customLayerConfigEnabled-7d43070af29f996a0a2170734140e68769b23ad1afede97f22b931777e6c3852,noOnnxIoTranspose-7d43070af29f996a0a2170734140e68769b23ad1afede97f22b931777e6c3852,copyWeightToRam-dea79e7e62a325472eb47c30a879b901656b1d966f9a78109aa8b224cbf98a9d,useInputAllocation-dea79e7e62a325472eb47c30a879b901656b1d966f9a78109aa8b224cbf98a9d,useOutputAllocation-dea79e7e62a325472eb47c30a879b901656b1d966f9a78109aa8b224cbf98a9d,customLayerConfigEnabled-dea79e7e62a325472eb47c30a879b901656b1d966f9a78109aa8b224cbf98a9d,noOnnxIoTranspose-dea79e7e62a325472eb47c30a879b901656b1d966f9a78109aa8b224cbf98a9d,copyWeightToRam-7671ea12f1d04baeb240033d8f5cd9409b01ff86af3cf0a621d321669e09001b,useInputAllocation-7671ea12f1d04baeb240033d8f5cd9409b01ff86af3cf0a621d321669e09001b,useOutputAllocation-7671ea12f1d04baeb240033d8f5cd9409b01ff86af3cf0a621d321669e09001b,customLayerConfigEnabled-7671ea12f1d04baeb240033d8f5cd9409b01ff86af3cf0a621d321669e09001b,noOnnxIoTranspose-7671ea12f1d04baeb240033d8f5cd9409b01ff86af3cf0a621d321669e09001b,copyWeightToRam-ab577c9bdfed1ba00724bdd21e1b13f1ba22613db02f03b8adc4d8ee03ad864e,useInputAllocation-ab577c9bdfed1ba00724bdd21e1b13f1ba22613db02f03b8adc4d8ee03ad864e,useOutputAllocation-ab577c9bdfed1ba00724bdd21e1b13f1ba22613db02f03b8adc4d8ee03ad864e,customLayerConfigEnabled-ab577c9bdfed1ba00724bdd21e1b13f1ba22613db02f03b8adc4d8ee03ad864e,noOnnxIoTranspose-ab577c9bdfed1ba00724bdd21e1b13f1ba22613db02f03b8adc4d8ee03ad864e,copyWeightToRam-df82797f878501d5734eb837a36a36d91eae67c62164e25bef60e4b155da9e3b,useInputAllocation-df82797f878501d5734eb837a36a36d91eae67c62164e25bef60e4b155da9e3b,useOutputAllocation-df82797f878501d5734eb837a36a36d91eae67c62164e25bef60e4b155da9e3b,customLayerConfigEnabled-df82797f878501d5734eb837a36a36d91eae67c62164e25bef60e4b155da9e3b,noOnnxIoTranspose-df82797f878501d5734eb837a36a36d91eae67c62164e25bef60e4b155da9e3b,copyWeightToRam-3b9432cef57333e2fce42645de9fa6accc22cd3370c43e91af8a09cc2e12b6d0,useInputAllocation-3b9432cef57333e2fce42645de9fa6accc22cd3370c43e91af8a09cc2e12b6d0,useOutputAllocation-3b9432cef57333e2fce42645de9fa6accc22cd3370c43e91af8a09cc2e12b6d0,customLayerConfigEnabled-3b9432cef57333e2fce42645de9fa6accc22cd3370c43e91af8a09cc2e12b6d0,noOnnxIoTranspose-3b9432cef57333e2fce42645de9fa6accc22cd3370c43e91af8a09cc2e12b6d0,copyWeightToRam-f4f45892b08308412d9f5e841690e3b6e5c3a98e51e2c46ba08ce80a98d34c7c,useInputAllocation-f4f45892b08308412d9f5e841690e3b6e5c3a98e51e2c46ba08ce80a98d34c7c,useOutputAllocation-f4f45892b08308412d9f5e841690e3b6e5c3a98e51e2c46ba08ce80a98d34c7c,customLayerConfigEnabled-f4f45892b08308412d9f5e841690e3b6e5c3a98e51e2c46ba08ce80a98d34c7c,noOnnxIoTranspose-f4f45892b08308412d9f5e841690e3b6e5c3a98e51e2c46ba08ce80a98d34c7c,copyWeightToRam-9e236fa1b805f769fb9c70331a6bc76a15f23170d1950d0cced9c493874ee895,useInputAllocation-9e236fa1b805f769fb9c70331a6bc76a15f23170d1950d0cced9c493874ee895,useOutputAllocation-9e236fa1b805f769fb9c70331a6bc76a15f23170d1950d0cced9c493874ee895,customLayerConfigEnabled-9e236fa1b805f769fb9c70331a6bc76a15f23170d1950d0cced9c493874ee895,noOnnxIoTranspose-9e236fa1b805f769fb9c70331a6bc76a15f23170d1950d0cced9c493874ee895,copyWeightToRam-6ca1935a49a4da6e01bf238fb27ecaf26e8ca2d9e389be3823a9b33aaacc7297,useInputAllocation-6ca1935a49a4da6e01bf238fb27ecaf26e8ca2d9e389be3823a9b33aaacc7297,useOutputAllocation-6ca1935a49a4da6e01bf238fb27ecaf26e8ca2d9e389be3823a9b33aaacc7297,customLayerConfigEnabled-6ca1935a49a4da6e01bf238fb27ecaf26e8ca2d9e389be3823a9b33aaacc7297,noOnnxIoTranspose-6ca1935a49a4da6e01bf238fb27ecaf26e8ca2d9e389be3823a9b33aaacc7297,copyWeightToRam-305259f2fd37ff8008e00a22df27e67728cca710dc6ef4e3d571cc33ada98516,useInputAllocation-305259f2fd37ff8008e00a22df27e67728cca710dc6ef4e3d571cc33ada98516,useOutputAllocation-305259f2fd37ff8008e00a22df27e67728cca710dc6ef4e3d571cc33ada98516,customLayerConfigEnabled-305259f2fd37ff8008e00a22df27e67728cca710dc6ef4e3d571cc33ada98516,noOnnxIoTranspose-305259f2fd37ff8008e00a22df27e67728cca710dc6ef4e3d571cc33ada98516,XAaCUBEAaAICcArtificialOoIntelligenceJjCore
STMicroelectronics.X-CUBE-AI.10.2.0.InternalRamActivationBufferMaxSize=AI_CLF_SVC_DATA_ACTIVATIONS_SIZE
STMicroelectronics.X-CUBE-AI.10.2.0.LatestDirectoryUsed-305259f2fd37ff8008e00a22df27e67728cca710dc6ef4e3d571cc33ada98516=/Users/moreypiatos/clf_models
STMicroelectronics.X-CUBE-AI.10.2.0.LatestDirectoryUsed-3b9432cef57333e2fce42645de9fa6accc22cd3370c43e91af8a09cc2e12b6d0=/Users/moreypiatos/calib_models
STMicroelectronics.X-CUBE-AI.10.2.0.LatestDirectoryUsed-6ca1935a49a4da6e01bf238fb27ecaf26e8ca2d9e389be3823a9b33aaacc7297=/Users/moreypiatos/clf_models
STMicroelectronics.X-CUBE-AI.10.2.0.LatestDirectoryUsed-7671ea12f1d04baeb240033d8f5cd9409b01ff86af3cf0a621d321669e09001b=/Users/moreypiatos/calib_models
STMicroelectronics.X-CUBE-AI.10.2.0.LatestDirectoryUsed-7d43070af29f996a0a2170734140e68769b23ad1afede97f22b931777e6c3852=/Users/moreypiatos/calib_models
STMicroelectronics.X-CUBE-AI.10.2.0.LatestDirectoryUsed-9e236fa1b805f769fb9c70331a6bc76a15f23170d1950d0cced9c493874ee895=/Users/moreypiatos/calib_models
STMicroelectronics.X-CUBE-AI.10.2.0.LatestDirectoryUsed-ab577c9bdfed1ba00724bdd21e1b13f1ba22613db02f03b8adc4d8ee03ad864e=/Users/moreypiatos/calib_models
STMicroelectronics.X-CUBE-AI.10.2.0.LatestDirectoryUsed-dea79e7e62a325472eb47c30a879b901656b1d966f9a78109aa8b224cbf98a9d=/Users/moreypiatos/calib_models
STMicroelectronics.X-CUBE-AI.10.2.0.LatestDirectoryUsed-df82797f878501d5734eb837a36a36d91eae67c62164e25bef60e4b155da9e3b=/Users/moreypiatos/calib_models
STMicroelectronics.X-CUBE-AI.10.2.0.LatestDirectoryUsed-f4f45892b08308412d9f5e841690e3b6e5c3a98e51e2c46ba08ce80a98d34c7c=/Users/moreypiatos/calib_models
STMicroelectronics.X-CUBE-AI.10.2.0.MaximumNumberOfInputLayer=1
STMicroelectronics.X-CUBE-AI.10.2.0.MaximumNumberOfOutputLayer=1
STMicroelectronics.X-CUBE-AI.10.2.0.MaximumSizeOfInputLayer=1
STMicroelectronics.X-CUBE-AI.10.2.0.MaximumSizeOfOutputLayer=1,1
STMicroelectronics.X-CUBE-AI.10.2.0.ModelActualCompression-305259f2fd37ff8008e00a22df27e67728cca710dc6ef4e3d571cc33ada98516=0.0
STMicroelectronics.X-CUBE-AI.10.2.0.ModelActualCompression-3b9432cef57333e2fce42645de9fa6accc22cd3370c43e91af8a09cc2e12b6d0=0.0
STMicroelectronics.X-CUBE-AI.10.2.0.ModelActualCompression-6ca1935a49a4da6e01bf238fb27ecaf26e8ca2d9e389be3823a9b33aaacc7297=0.0
STMicroelectronics.X-CUBE-AI.10.2.0.ModelActualCompression-7671ea12f1d04baeb240033d8f5cd9409b01ff86af3cf0a621d321669e09001b=0.0
STMicroelectronics.X-CUBE-AI.10.2.0.ModelActualCompression-7d43070af29f996a0a2170734140e68769b23ad1afede97f22b931777e6c3852=0.0
STMicroelectronics.X-CUBE-AI.10.2.0.ModelActualCompression-9e236fa1b805f769fb9c70331a6bc76a15f23170d1950d0cced9c493874ee895=0.0
STMicroelectronics.X-CUBE-AI.10.2.0.ModelActualCompression-ab577c9bdfed1ba00724bdd21e1b13f1ba22613db02f03b8adc4d8ee03ad864e=0.0
STMicroelectronics.X-CUBE-AI.10.2.0.ModelActualCompression-dea79e7e62a325472eb47c30a879b901656b1d966f9a78109aa8b224cbf98a9d=0.0
STMicroelectronics.X-CUBE-AI.10.2.0.ModelActualCompression-df82797f878501d5734eb837a36a36d91eae67c62164e25bef60e4b155da9e3b=0.0
STMicroelectronics.X-CUBE-AI.10.2.0.ModelActualCompression-f4f45892b08308412d9f5e841690e3b6e5c3a98e51e2c46ba08ce80a98d34c7c=0.0
STMicroelectronics.X-CUBE-AI.10.2.0.ModelCompression-305259f2fd37ff8008e00a22df27e67728cca710dc6ef4e3d571cc33ada98516=None
STMicroelectronics.X-CUBE-AI.10.2.0.ModelCompression-3b9432cef57333e2fce42645de9fa6accc22cd3370c43e91af8a09cc2e12b6d0=None
STMicroelectronics.X-CUBE-AI.10.2.0.ModelCompression-6ca1935a49a4da6e01bf238fb27ecaf26e8ca2d9e389be3823a9b33aaacc7297=None
STMicroelectronics.X-CUBE-AI.10.2.0.ModelCompression-7671ea12f1d04baeb240033d8f5cd9409b01ff86af3cf0a621d321669e09001b=None
STMicroelectronics.X-CUBE-AI.10.2.0.ModelCompression-7d43070af29f996a0a2170734140e68769b23ad1afede97f22b931777e6c3852=None
STMicroelectronics.X-CUBE-AI.10.2.0.ModelCompression-9e236fa1b805f769fb9c70331a6bc76a15f23170d1950d0cced9c493874ee895=None
STMicroelectronics.X-CUBE-AI.10.2.0.ModelCompression-ab577c9bdfed1ba00724bdd21e1b13f1ba22613db02f03b8adc4d8ee03ad864e=None
STMicroelectronics.X-CUBE-AI.10.2.0.ModelCompression-dea79e7e62a325472eb47c30a879b901656b1d966f9a78109aa8b224cbf98a9d=None
STMicroelectronics.X-CUBE-AI.10.2.0.ModelCompression-df82797f878501d5734eb837a36a36d91eae67c62164e25bef60e4b155da9e3b=None
STMicroelectronics.X-CUBE-AI.10.2.0.ModelCompression-f4f45892b08308412d9f5e841690e3b6e5c3a98e51e2c46ba08ce80a98d34c7c=None
STMicroelectronics.X-CUBE-AI.10.2.0.ModelFlashOccupation-305259f2fd37ff8008e00a22df27e67728cca710dc6ef4e3d571cc33ada98516=65316
STMicroelectronics.X-CUBE-AI.10.2.0.ModelFlashOccupation-3b9432cef57333e2fce42645de9fa6accc22cd3370c43e91af8a09cc2e12b6d0=7072
STMicroelectronics.X-CUBE-AI.10.2.0.ModelFlashOccupation-6ca1935a49a4da6e01bf238fb27ecaf26e8ca2d9e389be3823a9b33aaacc7297=182160
STMicroelectronics.X-CUBE-AI.10.2.0.ModelFlashOccupation-7671ea12f1d04baeb240033d8f5cd9409b01ff86af3cf0a621d321669e09001b=7072
STMicroelectronics.X-CUBE-AI.10.2.0.ModelFlashOccupation-7d43070af29f996a0a2170734140e68769b23ad1afede97f22b931777e6c3852=7072
STMicroelectronics.X-CUBE-AI.10.2.0.ModelFlashOccupation-9e236fa1b805f769fb9c70331a6bc76a15f23170d1950d0cced9c493874ee895=7072
STMicroelectronics.X-CUBE-AI.10.2.0.ModelFlashOccupation-ab577c9bdfed1ba00724bdd21e1b13f1ba22613db02f03b8adc4d8ee03ad864e=7072
STMicroelectronics.X-CUBE-AI.10.2.0.ModelFlashOccupation-dea79e7e62a325472eb47c30a879b901656b1d966f9a78109aa8b224cbf98a9d=7072
STMicroelectronics.X-CUBE-AI.10.2.0.ModelFlashOccupation-df82797f878501d5734eb837a36a36d91eae67c62164e25bef60e4b155da9e3b=7072
STMicroelectronics.X-CUBE-AI.10.2.0.ModelFlashOccupation-f4f45892b08308412d9f5e841690e3b6e5c3a98e51e2c46ba08ce80a98d34c7c=7072
STMicroelectronics.X-CUBE-AI.10.2.0.ModelHashList=7d43070af29f996a0a2170734140e68769b23ad1afede97f22b931777e6c3852;dea79e7e62a325472eb47c30a879b901656b1d966f9a78109aa8b224cbf98a9d;7671ea12f1d04baeb240033d8f5cd9409b01ff86af3cf0a621d321669e09001b;ab577c9bdfed1ba00724bdd21e1b13f1ba22613db02f03b8adc4d8ee03ad864e;df82797f878501d5734eb837a36a36d91eae67c62164e25bef60e4b155da9e3b;3b9432cef57333e2fce42645de9fa6accc22cd3370c43e91af8a09cc2e12b6d0;f4f45892b08308412d9f5e841690e3b6e5c3a98e51e2c46ba08ce80a98d34c7c;9e236fa1b805f769fb9c70331a6bc76a15f23170d1950d0cced9c493874ee895;6ca1935a49a4da6e01bf238fb27ecaf26e8ca2d9e389be3823a9b33aaacc7297;305259f2fd37ff8008e00a22df27e67728cca710dc6ef4e3d571cc33ada98516
STMicroelectronics.X-CUBE-AI.10.2.0.ModelKind-305259f2fd37ff8008e00a22df27e67728cca710dc6ef4e3d571cc33ada98516=ONNX
STMicroelectronics.X-CUBE-AI.10.2.0.ModelKind-3b9432cef57333e2fce42645de9fa6accc22cd3370c43e91af8a09cc2e12b6d0=TFLITE
STMicroelectronics.X-CUBE-AI.10.2.0.ModelKind-6ca1935a49a4da6e01bf238fb27ecaf26e8ca2d9e389be3823a9b33aaacc7297=ONNX
STMicroelectronics.X-CUBE-AI.10.2.0.ModelKind-7671ea12f1d04baeb240033d8f5cd9409b01ff86af3cf0a621d321669e09001b=TFLITE
STMicroelectronics.X-CUBE-AI.10.2.0.ModelKind-7d43070af29f996a0a2170734140e68769b23ad1afede97f22b931777e6c3852=TFLITE
STMicroelectronics.X-CUBE-AI.10.2.0.ModelKind-9e236fa1b805f769fb9c70331a6bc76a15f23170d1950d0cced9c493874ee895=TFLITE
STMicroelectronics.X-CUBE-AI.10.2.0.ModelKind-ab577c9bdfed1ba00724bdd21e1b13f1ba22613db02f03b8adc4d8ee03ad864e=TFLITE
STMicroelectronics.X-CUBE-AI.10.2.0.ModelKind-dea79e7e62a325472eb47c30a879b901656b1d966f9a78109aa8b224cbf98a9d=TFLITE
STMicroelectronics.X-CUBE-AI.10.2.0.ModelKind-df82797f878501d5734eb837a36a36d91eae67c62164e25bef60e4b155da9e3b=TFLITE
STMicroelectronics.X-CUBE-AI.10.2.0.ModelKind-f4f45892b08308412d9f5e841690e3b6e5c3a98e51e2c46ba08ce80a98d34c7c=TFLITE
STMicroelectronics.X-CUBE-AI.10.2.0.ModelMacc-305259f2fd37ff8008e00a22df27e67728cca710dc6ef4e3d571cc33ada98516=44060
STMicroelectronics.X-CUBE-AI.10.2.0.ModelMacc-3b9432cef57333e2fce42645de9fa6accc22cd3370c43e91af8a09cc2e12b6d0=2
STMicroelectronics.X-CUBE-AI.10.2.0.ModelMacc-6ca1935a49a4da6e01bf238fb27ecaf26e8ca2d9e389be3823a9b33aaacc7297=1099
STMicroelectronics.X-CUBE-AI.10.2.0.ModelMacc-7671ea12f1d04baeb240033d8f5cd9409b01ff86af3cf0a621d321669e09001b=2
STMicroelectronics.X-CUBE-AI.10.2.0.ModelMacc-7d43070af29f996a0a2170734140e68769b23ad1afede97f22b931777e6c3852=2
STMicroelectronics.X-CUBE-AI.10.2.0.ModelMacc-9e236fa1b805f769fb9c70331a6bc76a15f23170d1950d0cced9c493874ee895=2
STMicroelectronics.X-CUBE-AI.10.2.0.ModelMacc-ab577c9bdfed1ba00724bdd21e1b13f1ba22613db02f03b8adc4d8ee03ad864e=2
STMicroelectronics.X-CUBE-AI.10.2.0.ModelMacc-dea79e7e62a325472eb47c30a879b901656b1d966f9a78109aa8b224cbf98a9d=2
STMicroelectronics.X-CUBE-AI.10.2.0.ModelMacc-df82797f878501d5734eb837a36a36d91eae67c62164e25bef60e4b155da9e3b=2
STMicroelectronics.X-CUBE-AI.10.2.0.ModelMacc-f4f45892b08308412d9f5e841690e3b6e5c3a98e51e2c46ba08ce80a98d34c7c=2
STMicroelectronics.X-CUBE-AI.10.2.0.ModelName-305259f2fd37ff8008e00a22df27e67728cca710dc6ef4e3d571cc33ada98516=clf_svc
STMicroelectronics.X-CUBE-AI.10.2.0.ModelName-3b9432cef57333e2fce42645de9fa6accc22cd3370c43e91af8a09cc2e12b6d0=ch600
STMicroelectronics.X-CUBE-AI.10.2.0.ModelName-6ca1935a49a4da6e01bf238fb27ecaf26e8ca2d9e389be3823a9b33aaacc7297=clf_rf
STMicroelectronics.X-CUBE-AI.10.2.0.ModelName-7671ea12f1d04baeb240033d8f5cd9409b01ff86af3cf0a621d321669e09001b=ch515
STMicroelectronics.X-CUBE-AI.10.2.0.ModelName-7d43070af29f996a0a2170734140e68769b23ad1afede97f22b931777e6c3852=ch450
STMicroelectronics.X-CUBE-AI.10.2.0.ModelName-9e236fa1b805f769fb9c70331a6bc76a15f23170d1950d0cced9c493874ee895=ch690
STMicroelectronics.X-CUBE-AI.10.2.0.ModelName-ab577c9bdfed1ba00724bdd21e1b13f1ba22613db02f03b8adc4d8ee03ad864e=ch550
STMicroelectronics.X-CUBE-AI.10.2.0.ModelName-dea79e7e62a325472eb47c30a879b901656b1d966f9a78109aa8b224cbf98a9d=ch475
STMicroelectronics.X-CUBE-AI.10.2.0.ModelName-df82797f878501d5734eb837a36a36d91eae67c62164e25bef60e4b155da9e3b=ch555
STMicroelectronics.X-CUBE-AI.10.2.0.ModelName-f4f45892b08308412d9f5e841690e3b6e5c3a98e51e2c46ba08ce80a98d34c7c=ch640
STMicroelectronics.X-CUBE-AI.10.2.0.ModelNameList=ch450,ch475,ch515,ch550,ch555,ch600,ch640,ch690,clf_rf,clf_svc
STMicroelectronics.X-CUBE-AI.10.2.0.ModelRamOccupation-305259f2fd37ff8008e00a22df27e67728cca710dc6ef4e3d571cc33ada98516=9512
STMicroelectronics.X-CUBE-AI.10.2.0.ModelRamOccupation-3b9432cef57333e2fce42645de9fa6accc22cd3370c43e91af8a09cc2e12b6d0=828
STMicroelectronics.X-CUBE-AI.10.2.0.ModelRamOccupation-6ca1935a49a4da6e01bf238fb27ecaf26e8ca2d9e389be3823a9b33aaacc7297=1828
STMicroelectronics.X-CUBE-AI.10.2.0.ModelRamOccupation-7671ea12f1d04baeb240033d8f5cd9409b01ff86af3cf0a621d321669e09001b=828
STMicroelectronics.X-CUBE-AI.10.2.0.ModelRamOccupation-7d43070af29f996a0a2170734140e68769b23ad1afede97f22b931777e6c3852=828
STMicroelectronics.X-CUBE-AI.10.2.0.ModelRamOccupation-9e236fa1b805f769fb9c70331a6bc76a15f23170d1950d0cced9c493874ee895=828
STMicroelectronics.X-CUBE-AI.10.2.0.ModelRamOccupation-ab577c9bdfed1ba00724bdd21e1b13f1ba22613db02f03b8adc4d8ee03ad864e=828
STMicroelectronics.X-CUBE-AI.10.2.0.ModelRamOccupation-dea79e7e62a325472eb47c30a879b901656b1d966f9a78109aa8b224cbf98a9d=828
STMicroelectronics.X-CUBE-AI.10.2.0.ModelRamOccupation-df82797f878501d5734eb837a36a36d91eae67c62164e25bef60e4b155da9e3b=828
STMicroelectronics.X-CUBE-AI.10.2.0.ModelRamOccupation-f4f45892b08308412d9f5e841690e3b6e5c3a98e51e2c46ba08ce80a98d34c7c=828
STMicroelectronics.X-CUBE-AI.10.2.0.ModelStructureFile-305259f2fd37ff8008e00a22df27e67728cca710dc6ef4e3d571cc33ada98516=/Users/moreypiatos/clf_models/SVC.onnx
STMicroelectronics.X-CUBE-AI.10.2.0.ModelStructureFile-3b9432cef57333e2fce42645de9fa6accc22cd3370c43e91af8a09cc2e12b6d0=/Users/moreypiatos/calib_models/ch600.tflite
STMicroelectronics.X-CUBE-AI.10.2.0.ModelStructureFile-6ca1935a49a4da6e01bf238fb27ecaf26e8ca2d9e389be3823a9b33aaacc7297=/Users/moreypiatos/clf_models/RandomForest.onnx
STMicroelectronics.X-CUBE-AI.10.2.0.ModelStructureFile-7671ea12f1d04baeb240033d8f5cd9409b01ff86af3cf0a621d321669e09001b=/Users/moreypiatos/calib_models/ch515.tflite
STMicroelectronics.X-CUBE-AI.10.2.0.ModelStructureFile-7d43070af29f996a0a2170734140e68769b23ad1afede97f22b931777e6c3852=/Users/moreypiatos/calib_models/ch450.tflite
STMicroelectronics.X-CUBE-AI.10.2.0.ModelStructureFile-9e236fa1b805f769fb9c70331a6bc76a15f23170d1950d0cced9c493874ee895=/Users/moreypiatos/calib_models/ch690.tflite
STMicroelectronics.X-CUBE-AI.10.2.0.ModelStructureFile-ab577c9bdfed1ba00724bdd21e1b13f1ba22613db02f03b8adc4d8ee03ad864e=/Users/moreypiatos/calib_models/ch550.tflite
STMicroelectronics.X-CUBE-AI.10.2.0.ModelStructureFile-dea79e7e62a325472eb47c30a879b901656b1d966f9a78109aa8b224cbf98a9d=/Users/moreypiatos/calib_models/ch475.tflite
STMicroelectronics.X-CUBE-AI.10.2.0.ModelStructureFile-df82797f878501d5734eb837a36a36d91eae67c62164e25bef60e4b155da9e3b=/Users/moreypiatos/calib_models/ch555.tflite
STMicroelectronics.X-CUBE-AI.10.2.0.ModelStructureFile-f4f45892b08308412d9f5e841690e3b6e5c3a98e51e2c46ba08ce80a98d34c7c=/Users/moreypiatos/calib_models/ch640.tflite
STMicroelectronics.X-CUBE-AI.10.2.0.ModelType-305259f2fd37ff8008e00a22df27e67728cca710dc6ef4e3d571cc33ada98516=STM32Cube.AI MCU runtime
STMicroelectronics.X-CUBE-AI.10.2.0.ModelType-3b9432cef57333e2fce42645de9fa6accc22cd3370c43e91af8a09cc2e12b6d0=STM32Cube.AI MCU runtime
STMicroelectronics.X-CUBE-AI.10.2.0.ModelType-6ca1935a49a4da6e01bf238fb27ecaf26e8ca2d9e389be3823a9b33aaacc7297=STM32Cube.AI MCU runtime
STMicroelectronics.X-CUBE-AI.10.2.0.ModelType-7671ea12f1d04baeb240033d8f5cd9409b01ff86af3cf0a621d321669e09001b=STM32Cube.AI MCU runtime
STMicroelectronics.X-CUBE-AI.10.2.0.ModelType-7d43070af29f996a0a2170734140e68769b23ad1afede97f22b931777e6c3852=STM32Cube.AI MCU runtime
STMicroelectronics.X-CUBE-AI.10.2.0.ModelType-9e236fa1b805f769fb9c70331a6bc76a15f23170d1950d0cced9c493874ee895=STM32Cube.AI MCU runtime
STMicroelectronics.X-CUBE-AI.10.2.0.ModelType-ab577c9bdfed1ba00724bdd21e1b13f1ba22613db02f03b8adc4d8ee03ad864e=STM32Cube.AI MCU runtime
STMicroelectronics.X-CUBE-AI.10.2.0.ModelType-dea79e7e62a325472eb47c30a879b901656b1d966f9a78109aa8b224cbf98a9d=STM32Cube.AI MCU runtime
STMicroelectronics.X-CUBE-AI.10.2.0.ModelType-df82797f878501d5734eb837a36a36d91eae67c62164e25bef60e4b155da9e3b=STM32Cube.AI MCU runtime
STMicroelectronics.X-CUBE-AI.10.2.0.ModelType-f4f45892b08308412d9f5e841690e3b6e5c3a98e51e2c46ba08ce80a98d34c7c=STM32Cube.AI MCU runtime
STMicroelectronics.X-CUBE-AI.10.2.0.ReadyForCodeGeneration=true
STMicroelectronics.X-CUBE-AI.10.2.0.StackSize=0x800
STMicroelectronics.X-CUBE-AI.10.2.0.WorkingBufferStartAddrList=0xFFFFFFFF,0xFFFFFFFF,0xFFFFFFFF,0xFFFFFFFF,0xFFFFFFFF,0xFFFFFFFF,0xFFFFFFFF,0xFFFFFFFF,0xFFFFFFFF,0xFFFFFFFF
STMicroelectronics.X-CUBE-AI.10.2.0.XAaCUBEAaAICcArtificialOoIntelligenceJjCore=true
STMicroelectronics.X-CUBE-AI.10.2.0.copyWeightToRam=false
STMicroelectronics.X-CUBE-AI.10.2.0.copyWeightToRam-305259f2fd37ff8008e00a22df27e67728cca710dc6ef4e3d571cc33ada98516=false
STMicroelectronics.X-CUBE-AI.10.2.0.copyWeightToRam-3b9432cef57333e2fce42645de9fa6accc22cd3370c43e91af8a09cc2e12b6d0=false
STMicroelectronics.X-CUBE-AI.10.2.0.copyWeightToRam-6ca1935a49a4da6e01bf238fb27ecaf26e8ca2d9e389be3823a9b33aaacc7297=false
STMicroelectronics.X-CUBE-AI.10.2.0.copyWeightToRam-7671ea12f1d04baeb240033d8f5cd9409b01ff86af3cf0a621d321669e09001b=false
STMicroelectronics.X-CUBE-AI.10.2.0.copyWeightToRam-7d43070af29f996a0a2170734140e68769b23ad1afede97f22b931777e6c3852=false
STMicroelectronics.X-CUBE-AI.10.2.0.copyWeightToRam-9e236fa1b805f769fb9c70331a6bc76a15f23170d1950d0cced9c493874ee895=false
STMicroelectronics.X-CUBE-AI.10.2.0.copyWeightToRam-ab577c9bdfed1ba00724bdd21e1b13f1ba22613db02f03b8adc4d8ee03ad864e=false
STMicroelectronics.X-CUBE-AI.10.2.0.copyWeightToRam-dea79e7e62a325472eb47c30a879b901656b1d966f9a78109aa8b224cbf98a9d=false
STMicroelectronics.X-CUBE-AI.10.2.0.copyWeightToRam-df82797f878501d5734eb837a36a36d91eae67c62164e25bef60e4b155da9e3b=false
STMicroelectronics.X-CUBE-AI.10.2.0.copyWeightToRam-f4f45892b08308412d9f5e841690e3b6e5c3a98e51e2c46ba08ce80a98d34c7c=false
STMicroelectronics.X-CUBE-AI.10.2.0.customLayerConfigEnabled=false
STMicroelectronics.X-CUBE-AI.10.2.0.customLayerConfigEnabled-305259f2fd37ff8008e00a22df27e67728cca710dc6ef4e3d571cc33ada98516=false
STMicroelectronics.X-CUBE-AI.10.2.0.customLayerConfigEnabled-3b9432cef57333e2fce42645de9fa6accc22cd3370c43e91af8a09cc2e12b6d0=false
STMicroelectronics.X-CUBE-AI.10.2.0.customLayerConfigEnabled-6ca1935a49a4da6e01bf238fb27ecaf26e8ca2d9e389be3823a9b33aaacc7297=false
STMicroelectronics.X-CUBE-AI.10.2.0.customLayerConfigEnabled-7671ea12f1d04baeb240033d8f5cd9409b01ff86af3cf0a621d321669e09001b=false
STMicroelectronics.X-CUBE-AI.10.2.0.customLayerConfigEnabled-7d43070af29f996a0a2170734140e68769b23ad1afede97f22b931777e6c3852=false
STMicroelectronics.X-CUBE-AI.10.2.0.customLayerConfigEnabled-9e236fa1b805f769fb9c70331a6bc76a15f23170d1950d0cced9c493874ee895=false
STMicroelectronics.X-CUBE-AI.10.2.0.customLayerConfigEnabled-ab577c9bdfed1ba00724bdd21e1b13f1ba22613db02f03b8adc4d8ee03ad864e=false
STMicroelectronics.X-CUBE-AI.10.2.0.customLayerConfigEnabled-dea79e7e62a325472eb47c30a879b901656b1d966f9a78109aa8b224cbf98a9d=false
STMicroelectronics.X-CUBE-AI.10.2.0.customLayerConfigEnabled-df82797f878501d5734eb837a36a36d91eae67c62164e25bef60e4b155da9e3b=false
STMicroelectronics.X-CUBE-AI.10.2.0.customLayerConfigEnabled-f4f45892b08308412d9f5e841690e3b6e5c3a98e51e2c46ba08ce80a98d34c7c=false
STMicroelectronics.X-CUBE-AI.10.2.0.noOnnxIoTranspose=false
STMicroelectronics.X-CUBE-AI.10.2.0.noOnnxIoTranspose-305259f2fd37ff8008e00a22df27e67728cca710dc6ef4e3d571cc33ada98516=false
STMicroelectronics.X-CUBE-AI.10.2.0.noOnnxIoTranspose-3b9432cef57333e2fce42645de9fa6accc22cd3370c43e91af8a09cc2e12b6d0=false
STMicroelectronics.X-CUBE-AI.10.2.0.noOnnxIoTranspose-6ca1935a49a4da6e01bf238fb27ecaf26e8ca2d9e389be3823a9b33aaacc7297=false
STMicroelectronics.X-CUBE-AI.10.2.0.noOnnxIoTranspose-7671ea12f1d04baeb240033d8f5cd9409b01ff86af3cf0a621d321669e09001b=false
STMicroelectronics.X-CUBE-AI.10.2.0.noOnnxIoTranspose-7d43070af29f996a0a2170734140e68769b23ad1afede97f22b931777e6c3852=false
STMicroelectronics.X-CUBE-AI.10.2.0.noOnnxIoTranspose-9e236fa1b805f769fb9c70331a6bc76a15f23170d1950d0cced9c493874ee895=false
STMicroelectronics.X-CUBE-AI.10.2.0.noOnnxIoTranspose-ab577c9bdfed1ba00724bdd21e1b13f1ba22613db02f03b8adc4d8ee03ad864e=false
STMicroelectronics.X-CUBE-AI.10.2.0.noOnnxIoTranspose-dea79e7e62a325472eb47c30a879b901656b1d966f9a78109aa8b224cbf98a9d=false
STMicroelectronics.X-CUBE-AI.10.2.0.noOnnxIoTranspose-df82797f878501d5734eb837a36a36d91eae67c62164e25bef60e4b155da9e3b=false
STMicroelectronics.X-CUBE-AI.10.2.0.noOnnxIoTranspose-f4f45892b08308412d9f5e841690e3b6e5c3a98e51e2c46ba08ce80a98d34c7c=false
STMicroelectronics.X-CUBE-AI.10.2.0.outputDirectory=/Users/moreypiatos/.stm32cubemx/clf_svc_output
STMicroelectronics.X-CUBE-AI.10.2.0.useInputAllocation=true
STMicroelectronics.X-CUBE-AI.10.2.0.useInputAllocation-305259f2fd37ff8008e00a22df27e67728cca710dc6ef4e3d571cc33ada98516=true
STMicroelectronics.X-CUBE-AI.10.2.0.useInputAllocation-3b9432cef57333e2fce42645de9fa6accc22cd3370c43e91af8a09cc2e12b6d0=true
STMicroelectronics.X-CUBE-AI.10.2.0.useInputAllocation-6ca1935a49a4da6e01bf238fb27ecaf26e8ca2d9e389be3823a9b33aaacc7297=true
STMicroelectronics.X-CUBE-AI.10.2.0.useInputAllocation-7671ea12f1d04baeb240033d8f5cd9409b01ff86af3cf0a621d321669e09001b=true
STMicroelectronics.X-CUBE-AI.10.2.0.useInputAllocation-7d43070af29f996a0a2170734140e68769b23ad1afede97f22b931777e6c3852=true
STMicroelectronics.X-CUBE-AI.10.2.0.useInputAllocation-9e236fa1b805f769fb9c70331a6bc76a15f23170d1950d0cced9c493874ee895=true
STMicroelectronics.X-CUBE-AI.10.2.0.useInputAllocation-ab577c9bdfed1ba00724bdd21e1b13f1ba22613db02f03b8adc4d8ee03ad864e=true
STMicroelectronics.X-CUBE-AI.10.2.0.useInputAllocation-dea79e7e62a325472eb47c30a879b901656b1d966f9a78109aa8b224cbf98a9d=true
STMicroelectronics.X-CUBE-AI.10.2.0.useInputAllocation-df82797f878501d5734eb837a36a36d91eae67c62164e25bef60e4b155da9e3b=true
STMicroelectronics.X-CUBE-AI.10.2.0.useInputAllocation-f4f45892b08308412d9f5e841690e3b6e5c3a98e51e2c46ba08ce80a98d34c7c=true
STMicroelectronics.X-CUBE-AI.10.2.0.useOutputAllocation=true
STMicroelectronics.X-CUBE-AI.10.2.0.useOutputAllocation-305259f2fd37ff8008e00a22df27e67728cca710dc6ef4e3d571cc33ada98516=true
STMicroelectronics.X-CUBE-AI.10.2.0.useOutputAllocation-3b9432cef57333e2fce42645de9fa6accc22cd3370c43e91af8a09cc2e12b6d0=true
STMicroelectronics.X-CUBE-AI.10.2.0.useOutputAllocation-6ca1935a49a4da6e01bf238fb27ecaf26e8ca2d9e389be3823a9b33aaacc7297=true
STMicroelectronics.X-CUBE-AI.10.2.0.useOutputAllocation-7671ea12f1d04baeb240033d8f5cd9409b01ff86af3cf0a621d321669e09001b=true
STMicroelectronics.X-CUBE-AI.10.2.0.useOutputAllocation-7d43070af29f996a0a2170734140e68769b23ad1afede97f22b931777e6c3852=true
STMicroelectronics.X-CUBE-AI.10.2.0.useOutputAllocation-9e236fa1b805f769fb9c70331a6bc76a15f23170d1950d0cced9c493874ee895=true
STMicroelectronics.X-CUBE-AI.10.2.0.useOutputAllocation-ab577c9bdfed1ba00724bdd21e1b13f1ba22613db02f03b8adc4d8ee03ad864e=true
STMicroelectronics.X-CUBE-AI.10.2.0.useOutputAllocation-dea79e7e62a325472eb47c30a879b901656b1d966f9a78109aa8b224cbf98a9d=true
STMicroelectronics.X-CUBE-AI.10.2.0.useOutputAllocation-df82797f878501d5734eb837a36a36d91eae67c62164e25bef60e4b155da9e3b=true
STMicroelectronics.X-CUBE-AI.10.2.0.useOutputAllocation-f4f45892b08308412d9f5e841690e3b6e5c3a98e51e2c46ba08ce80a98d34c7c=true
STMicroelectronics.X-CUBE-AI.10.2.0_SwParameter=ApplicationCcDeviceJjApplication\:Validation;XAaCUBEAaAICcArtificialOoIntelligenceJjCore\:true;
TIM11.IPParameters=Prescaler
TIM11.Prescaler=100-1
USART2.IPParameters=VirtualMode
USART2.VirtualMode=VM_ASYNC
VP_STMicroelectronics.X-CUBE-AI_VS_ArtificialOoIntelligenceJjXAaCUBEAaAI_10.2.0.Mode=ArtificialOoIntelligenceJjXAaCUBEAaAI
VP_STMicroelectronics.X-CUBE-AI_VS_ArtificialOoIntelligenceJjXAaCUBEAaAI_10.2.0.Signal=STMicroelectronics.X-CUBE-AI_VS_ArtificialOoIntelligenceJjXAaCUBEAaAI_10.2.0
VP_SYS_VS_Systick.Mode=SysTick
VP_SYS_VS_Systick.Signal=SYS_VS_Systick
VP_TIM11_VS_ClockSourceINT.Mode=Enable_Timer
VP_TIM11_VS_ClockSourceINT.Signal=TIM11_VS_ClockSourceINT
board=NUCLEO-F411RE
boardIOC=true
